
Microsoft Visual Studio Solution File, Format Version 12.00
# Visual Studio Version 16
VisualStudioVersion = 16.0.30717.126
MinimumVisualStudioVersion = 10.0.40219.1
Project("{9A19103F-16F7-4668-BE54-9A1E7A4F7556}") = "DBContactTest", "AdoConsole\DBContactTest.csproj", "{F19E4301-0CD5-4FF4-A33F-D3794ED383A9}"
EndProject
Project("{9A19103F-16F7-4668-BE54-9A1E7A4F7556}") = "DBContactLibrary", "DBContactLibrary\DBContactLibrary.csproj", "{67109EB2-510B-4058-96FB-9B9C51AEC12D}"
EndProject
Global
	GlobalSection(SolutionConfigurationPlatforms) = preSolution
		Debug|Any CPU = Debug|Any CPU
		Release|Any CPU = Release|Any CPU
	EndGlobalSection
	GlobalSection(ProjectConfigurationPlatforms) = postSolution
		{F19E4301-0CD5-4FF4-A33F-D3794ED383A9}.Debug|Any CPU.ActiveCfg = Debug|Any CPU
		{F19E4301-0CD5-4FF4-A33F-D3794ED383A9}.Debug|Any CPU.Build.0 = Debug|Any CPU
		{F19E4301-0CD5-4FF4-A33F-D3794ED383A9}.Release|Any CPU.ActiveCfg = Release|Any CPU
		{F19E4301-0CD5-4FF4-A33F-D3794ED383A9}.Release|Any CPU.Build.0 = Release|Any CPU
		{67109EB2-510B-4058-96FB-9B9C51AEC12D}.Debug|Any CPU.ActiveCfg = Debug|Any CPU
		{67109EB2-510B-4058-96FB-9B9C51AEC12D}.Debug|Any CPU.Build.0 = Debug|Any CPU
		{67109EB2-510B-4058-96FB-9B9C51AEC12D}.Release|Any CPU.ActiveCfg = Release|Any CPU
		{67109EB2-510B-4058-96FB-9B9C51AEC12D}.Release|Any CPU.Build.0 = Release|Any CPU
	EndGlobalSection
	GlobalSection(SolutionProperties) = preSolution
		HideSolutionNode = FALSE
	EndGlobalSection
	GlobalSection(ExtensibilityGlobals) = postSolution
		SolutionGuid = {8B324A98-A556-4810-8529-4F183C9C9E27}
	EndGlobalSection
EndGlobal
